
Microsoft Visual Studio Solution File, Format Version 12.00
# Visual Studio Version 17
VisualStudioVersion = 17.13.35913.81 d17.13
MinimumVisualStudioVersion = 10.0.40219.1
Project("{FAE04EC0-301F-11D3-BF4B-00C04F79EFBC}") = "Ex02", "Ex02\Ex02.csproj", "{9F895305-6701-43B8-83A2-1810D5378E73}"
EndProject
Global
	GlobalSection(SolutionConfigurationPlatforms) = preSolution
		Debug|Any CPU = Debug|Any CPU
		Release|Any CPU = Release|Any CPU
	EndGlobalSection
	GlobalSection(ProjectConfigurationPlatforms) = postSolution
		{9F895305-6701-43B8-83A2-1810D5378E73}.Debug|Any CPU.ActiveCfg = Debug|Any CPU
		{9F895305-6701-43B8-83A2-1810D5378E73}.Debug|Any CPU.Build.0 = Debug|Any CPU
		{9F895305-6701-43B8-83A2-1810D5378E73}.Release|Any CPU.ActiveCfg = Release|Any CPU
		{9F895305-6701-43B8-83A2-1810D5378E73}.Release|Any CPU.Build.0 = Release|Any CPU
	EndGlobalSection
	GlobalSection(SolutionProperties) = preSolution
		HideSolutionNode = FALSE
	EndGlobalSection
	GlobalSection(ExtensibilityGlobals) = postSolution
		SolutionGuid = {F4171588-23A2-4900-98E8-4221A08A35E1}
	EndGlobalSection
EndGlobal
